
Microsoft Visual Studio Solution File, Format Version 11.00
# Visual Studio 2010
Project("{FAE04EC0-301F-11D3-BF4B-00C04F79EFBC}") = "FitNesseExamples.Fixtures", "FitNesseExamples\FitNesseExamples.Fixtures.csproj", "{8B910D5A-5F0A-4345-8B9B-ED2C63AA70A0}"
EndProject
Project("{2150E333-8FDC-42A3-9474-1A3956D46DE8}") = "AcceptanceTestFixtures", "AcceptanceTestFixtures", "{C38F8F73-C629-4607-82B0-3A707C43489F}"
EndProject
Global
	GlobalSection(SolutionConfigurationPlatforms) = preSolution
		Debug|Any CPU = Debug|Any CPU
		Release|Any CPU = Release|Any CPU
	EndGlobalSection
	GlobalSection(ProjectConfigurationPlatforms) = postSolution
		{8B910D5A-5F0A-4345-8B9B-ED2C63AA70A0}.Debug|Any CPU.ActiveCfg = Debug|Any CPU
		{8B910D5A-5F0A-4345-8B9B-ED2C63AA70A0}.Debug|Any CPU.Build.0 = Debug|Any CPU
		{8B910D5A-5F0A-4345-8B9B-ED2C63AA70A0}.Release|Any CPU.ActiveCfg = Release|Any CPU
		{8B910D5A-5F0A-4345-8B9B-ED2C63AA70A0}.Release|Any CPU.Build.0 = Release|Any CPU
	EndGlobalSection
	GlobalSection(SolutionProperties) = preSolution
		HideSolutionNode = FALSE
	EndGlobalSection
	GlobalSection(NestedProjects) = preSolution
		{8B910D5A-5F0A-4345-8B9B-ED2C63AA70A0} = {C38F8F73-C629-4607-82B0-3A707C43489F}
	EndGlobalSection
EndGlobal
